// !$*UTF8*$!
{
	archiveVersion = 1;
	classes = {
	};
	objectVersion = 46;
	objects = {

/* Begin PBXBuildFile section */
		433415571B09074100F09D5D /* main.m in Sources */ = {isa = PBXBuildFile; fileRef = 433415561B09074100F09D5D /* main.m */; };
		4334155A1B09074100F09D5D /* AppDelegate.m in Sources */ = {isa = PBXBuildFile; fileRef = 433415591B09074100F09D5D /* AppDelegate.m */; };
		4334155D1B09074100F09D5D /* ViewController.m in Sources */ = {isa = PBXBuildFile; fileRef = 4334155C1B09074100F09D5D /* ViewController.m */; };
		433415601B09074100F09D5D /* Main.storyboard in Resources */ = {isa = PBXBuildFile; fileRef = 4334155E1B09074100F09D5D /* Main.storyboard */; };
		433415621B09074100F09D5D /* Images.xcassets in Resources */ = {isa = PBXBuildFile; fileRef = 433415611B09074100F09D5D /* Images.xcassets */; };
		433415651B09074100F09D5D /* LaunchScreen.xib in Resources */ = {isa = PBXBuildFile; fileRef = 433415631B09074100F09D5D /* LaunchScreen.xib */; };
		433415711B09074100F09D5D /* GoogleImageSearchTestTests.m in Sources */ = {isa = PBXBuildFile; fileRef = 433415701B09074100F09D5D /* GoogleImageSearchTestTests.m */; };
		4334157F1B09108300F09D5D /* ImageResultCell.m in Sources */ = {isa = PBXBuildFile; fileRef = 4334157E1B09108300F09D5D /* ImageResultCell.m */; };
		433415AC1B0917D000F09D5D /* AFHTTPRequestOperation.m in Sources */ = {isa = PBXBuildFile; fileRef = 433415861B0917D000F09D5D /* AFHTTPRequestOperation.m */; };
		433415AD1B0917D000F09D5D /* AFHTTPRequestOperationManager.m in Sources */ = {isa = PBXBuildFile; fileRef = 433415881B0917D000F09D5D /* AFHTTPRequestOperationManager.m */; };
		433415AE1B0917D000F09D5D /* AFHTTPSessionManager.m in Sources */ = {isa = PBXBuildFile; fileRef = 4334158A1B0917D000F09D5D /* AFHTTPSessionManager.m */; };
		433415AF1B0917D000F09D5D /* AFNetworkReachabilityManager.m in Sources */ = {isa = PBXBuildFile; fileRef = 4334158D1B0917D000F09D5D /* AFNetworkReachabilityManager.m */; };
		433415B01B0917D000F09D5D /* AFSecurityPolicy.m in Sources */ = {isa = PBXBuildFile; fileRef = 4334158F1B0917D000F09D5D /* AFSecurityPolicy.m */; };
		433415B11B0917D000F09D5D /* AFURLConnectionOperation.m in Sources */ = {isa = PBXBuildFile; fileRef = 433415911B0917D000F09D5D /* AFURLConnectionOperation.m */; };
		433415B21B0917D000F09D5D /* AFURLRequestSerialization.m in Sources */ = {isa = PBXBuildFile; fileRef = 433415931B0917D000F09D5D /* AFURLRequestSerialization.m */; };
		433415B31B0917D000F09D5D /* AFURLResponseSerialization.m in Sources */ = {isa = PBXBuildFile; fileRef = 433415951B0917D000F09D5D /* AFURLResponseSerialization.m */; };
		433415B41B0917D000F09D5D /* AFURLSessionManager.m in Sources */ = {isa = PBXBuildFile; fileRef = 433415971B0917D000F09D5D /* AFURLSessionManager.m */; };
		433415B71B0917D000F09D5D /* AFNetworkActivityIndicatorManager.m in Sources */ = {isa = PBXBuildFile; fileRef = 4334159C1B0917D000F09D5D /* AFNetworkActivityIndicatorManager.m */; };
		433415B81B0917D000F09D5D /* UIActivityIndicatorView+AFNetworking.m in Sources */ = {isa = PBXBuildFile; fileRef = 4334159E1B0917D000F09D5D /* UIActivityIndicatorView+AFNetworking.m */; };
		433415B91B0917D000F09D5D /* UIAlertView+AFNetworking.m in Sources */ = {isa = PBXBuildFile; fileRef = 433415A01B0917D000F09D5D /* UIAlertView+AFNetworking.m */; };
		433415BA1B0917D000F09D5D /* UIButton+AFNetworking.m in Sources */ = {isa = PBXBuildFile; fileRef = 433415A21B0917D000F09D5D /* UIButton+AFNetworking.m */; };
		433415BB1B0917D000F09D5D /* UIImageView+AFNetworking.m in Sources */ = {isa = PBXBuildFile; fileRef = 433415A41B0917D000F09D5D /* UIImageView+AFNetworking.m */; };
		433415BC1B0917D000F09D5D /* UIProgressView+AFNetworking.m in Sources */ = {isa = PBXBuildFile; fileRef = 433415A71B0917D000F09D5D /* UIProgressView+AFNetworking.m */; };
		433415BD1B0917D000F09D5D /* UIRefreshControl+AFNetworking.m in Sources */ = {isa = PBXBuildFile; fileRef = 433415A91B0917D000F09D5D /* UIRefreshControl+AFNetworking.m */; };
		433415BE1B0917D000F09D5D /* UIWebView+AFNetworking.m in Sources */ = {isa = PBXBuildFile; fileRef = 433415AB1B0917D000F09D5D /* UIWebView+AFNetworking.m */; };
		433415C11B09186C00F09D5D /* ServiceManger.m in Sources */ = {isa = PBXBuildFile; fileRef = 433415C01B09186C00F09D5D /* ServiceManger.m */; };
		433415C41B09190D00F09D5D /* ImageResult.m in Sources */ = {isa = PBXBuildFile; fileRef = 433415C31B09190D00F09D5D /* ImageResult.m */; };
		433415C71B091CA400F09D5D /* ImageSearchRequest.m in Sources */ = {isa = PBXBuildFile; fileRef = 433415C61B091CA400F09D5D /* ImageSearchRequest.m */; };
		433415CA1B093AF800F09D5D /* UIImage+Project.m in Sources */ = {isa = PBXBuildFile; fileRef = 433415C91B093AF800F09D5D /* UIImage+Project.m */; };
/* End PBXBuildFile section */

/* Begin PBXContainerItemProxy section */
		4334156B1B09074100F09D5D /* PBXContainerItemProxy */ = {
			isa = PBXContainerItemProxy;
			containerPortal = 433415491B09074100F09D5D /* Project object */;
			proxyType = 1;
			remoteGlobalIDString = 433415501B09074100F09D5D;
			remoteInfo = GoogleImageSearchTest;
		};
/* End PBXContainerItemProxy section */

/* Begin PBXFileReference section */
		433415511B09074100F09D5D /* GoogleImageSearchTest.app */ = {isa = PBXFileReference; explicitFileType = wrapper.application; includeInIndex = 0; path = GoogleImageSearchTest.app; sourceTree = BUILT_PRODUCTS_DIR; };
		433415551B09074100F09D5D /* Info.plist */ = {isa = PBXFileReference; lastKnownFileType = text.plist.xml; path = Info.plist; sourceTree = "<group>"; };
		433415561B09074100F09D5D /* main.m */ = {isa = PBXFileReference; lastKnownFileType = sourcecode.c.objc; path = main.m; sourceTree = "<group>"; };
		433415581B09074100F09D5D /* AppDelegate.h */ = {isa = PBXFileReference; lastKnownFileType = sourcecode.c.h; path = AppDelegate.h; sourceTree = "<group>"; };
		433415591B09074100F09D5D /* AppDelegate.m */ = {isa = PBXFileReference; lastKnownFileType = sourcecode.c.objc; path = AppDelegate.m; sourceTree = "<group>"; };
		4334155B1B09074100F09D5D /* ViewController.h */ = {isa = PBXFileReference; lastKnownFileType = sourcecode.c.h; path = ViewController.h; sourceTree = "<group>"; };
		4334155C1B09074100F09D5D /* ViewController.m */ = {isa = PBXFileReference; lastKnownFileType = sourcecode.c.objc; path = ViewController.m; sourceTree = "<group>"; };
		4334155F1B09074100F09D5D /* Base */ = {isa = PBXFileReference; lastKnownFileType = file.storyboard; name = Base; path = Base.lproj/Main.storyboard; sourceTree = "<group>"; };
		433415611B09074100F09D5D /* Images.xcassets */ = {isa = PBXFileReference; lastKnownFileType = folder.assetcatalog; path = Images.xcassets; sourceTree = "<group>"; };
		433415641B09074100F09D5D /* Base */ = {isa = PBXFileReference; lastKnownFileType = file.xib; name = Base; path = Base.lproj/LaunchScreen.xib; sourceTree = "<group>"; };
		4334156A1B09074100F09D5D /* GoogleImageSearchTestTests.xctest */ = {isa = PBXFileReference; explicitFileType = wrapper.cfbundle; includeInIndex = 0; path = GoogleImageSearchTestTests.xctest; sourceTree = BUILT_PRODUCTS_DIR; };
		4334156F1B09074100F09D5D /* Info.plist */ = {isa = PBXFileReference; lastKnownFileType = text.plist.xml; path = Info.plist; sourceTree = "<group>"; };
		433415701B09074100F09D5D /* GoogleImageSearchTestTests.m */ = {isa = PBXFileReference; lastKnownFileType = sourcecode.c.objc; path = GoogleImageSearchTestTests.m; sourceTree = "<group>"; };
		4334157D1B09108300F09D5D /* ImageResultCell.h */ = {isa = PBXFileReference; fileEncoding = 4; lastKnownFileType = sourcecode.c.h; path = ImageResultCell.h; sourceTree = "<group>"; };
		4334157E1B09108300F09D5D /* ImageResultCell.m */ = {isa = PBXFileReference; fileEncoding = 4; lastKnownFileType = sourcecode.c.objc; path = ImageResultCell.m; sourceTree = "<group>"; };
		433415851B0917D000F09D5D /* AFHTTPRequestOperation.h */ = {isa = PBXFileReference; fileEncoding = 4; lastKnownFileType = sourcecode.c.h; path = AFHTTPRequestOperation.h; sourceTree = "<group>"; };
		433415861B0917D000F09D5D /* AFHTTPRequestOperation.m */ = {isa = PBXFileReference; fileEncoding = 4; lastKnownFileType = sourcecode.c.objc; path = AFHTTPRequestOperation.m; sourceTree = "<group>"; };
		433415871B0917D000F09D5D /* AFHTTPRequestOperationManager.h */ = {isa = PBXFileReference; fileEncoding = 4; lastKnownFileType = sourcecode.c.h; path = AFHTTPRequestOperationManager.h; sourceTree = "<group>"; };
		433415881B0917D000F09D5D /* AFHTTPRequestOperationManager.m */ = {isa = PBXFileReference; fileEncoding = 4; lastKnownFileType = sourcecode.c.objc; path = AFHTTPRequestOperationManager.m; sourceTree = "<group>"; };
		433415891B0917D000F09D5D /* AFHTTPSessionManager.h */ = {isa = PBXFileReference; fileEncoding = 4; lastKnownFileType = sourcecode.c.h; path = AFHTTPSessionManager.h; sourceTree = "<group>"; };
		4334158A1B0917D000F09D5D /* AFHTTPSessionManager.m */ = {isa = PBXFileReference; fileEncoding = 4; lastKnownFileType = sourcecode.c.objc; path = AFHTTPSessionManager.m; sourceTree = "<group>"; };
		4334158B1B0917D000F09D5D /* AFNetworking.h */ = {isa = PBXFileReference; fileEncoding = 4; lastKnownFileType = sourcecode.c.h; path = AFNetworking.h; sourceTree = "<group>"; };
		4334158C1B0917D000F09D5D /* AFNetworkReachabilityManager.h */ = {isa = PBXFileReference; fileEncoding = 4; lastKnownFileType = sourcecode.c.h; path = AFNetworkReachabilityManager.h; sourceTree = "<group>"; };
		4334158D1B0917D000F09D5D /* AFNetworkReachabilityManager.m */ = {isa = PBXFileReference; fileEncoding = 4; lastKnownFileType = sourcecode.c.objc; path = AFNetworkReachabilityManager.m; sourceTree = "<group>"; };
		4334158E1B0917D000F09D5D /* AFSecurityPolicy.h */ = {isa = PBXFileReference; fileEncoding = 4; lastKnownFileType = sourcecode.c.h; path = AFSecurityPolicy.h; sourceTree = "<group>"; };
		4334158F1B0917D000F09D5D /* AFSecurityPolicy.m */ = {isa = PBXFileReference; fileEncoding = 4; lastKnownFileType = sourcecode.c.objc; path = AFSecurityPolicy.m; sourceTree = "<group>"; };
		433415901B0917D000F09D5D /* AFURLConnectionOperation.h */ = {isa = PBXFileReference; fileEncoding = 4; lastKnownFileType = sourcecode.c.h; path = AFURLConnectionOperation.h; sourceTree = "<group>"; };
		433415911B0917D000F09D5D /* AFURLConnectionOperation.m */ = {isa = PBXFileReference; fileEncoding = 4; lastKnownFileType = sourcecode.c.objc; path = AFURLConnectionOperation.m; sourceTree = "<group>"; };
		433415921B0917D000F09D5D /* AFURLRequestSerialization.h */ = {isa = PBXFileReference; fileEncoding = 4; lastKnownFileType = sourcecode.c.h; path = AFURLRequestSerialization.h; sourceTree = "<group>"; };
		433415931B0917D000F09D5D /* AFURLRequestSerialization.m */ = {isa = PBXFileReference; fileEncoding = 4; lastKnownFileType = sourcecode.c.objc; path = AFURLRequestSerialization.m; sourceTree = "<group>"; };
		433415941B0917D000F09D5D /* AFURLResponseSerialization.h */ = {isa = PBXFileReference; fileEncoding = 4; lastKnownFileType = sourcecode.c.h; path = AFURLResponseSerialization.h; sourceTree = "<group>"; };
		433415951B0917D000F09D5D /* AFURLResponseSerialization.m */ = {isa = PBXFileReference; fileEncoding = 4; lastKnownFileType = sourcecode.c.objc; path = AFURLResponseSerialization.m; sourceTree = "<group>"; };
		433415961B0917D000F09D5D /* AFURLSessionManager.h */ = {isa = PBXFileReference; fileEncoding = 4; lastKnownFileType = sourcecode.c.h; path = AFURLSessionManager.h; sourceTree = "<group>"; };
		433415971B0917D000F09D5D /* AFURLSessionManager.m */ = {isa = PBXFileReference; fileEncoding = 4; lastKnownFileType = sourcecode.c.objc; path = AFURLSessionManager.m; sourceTree = "<group>"; };
		4334159B1B0917D000F09D5D /* AFNetworkActivityIndicatorManager.h */ = {isa = PBXFileReference; fileEncoding = 4; lastKnownFileType = sourcecode.c.h; path = AFNetworkActivityIndicatorManager.h; sourceTree = "<group>"; };
		4334159C1B0917D000F09D5D /* AFNetworkActivityIndicatorManager.m */ = {isa = PBXFileReference; fileEncoding = 4; lastKnownFileType = sourcecode.c.objc; path = AFNetworkActivityIndicatorManager.m; sourceTree = "<group>"; };
		4334159D1B0917D000F09D5D /* UIActivityIndicatorView+AFNetworking.h */ = {isa = PBXFileReference; fileEncoding = 4; lastKnownFileType = sourcecode.c.h; path = "UIActivityIndicatorView+AFNetworking.h"; sourceTree = "<group>"; };
		4334159E1B0917D000F09D5D /* UIActivityIndicatorView+AFNetworking.m */ = {isa = PBXFileReference; fileEncoding = 4; lastKnownFileType = sourcecode.c.objc; path = "UIActivityIndicatorView+AFNetworking.m"; sourceTree = "<group>"; };
		4334159F1B0917D000F09D5D /* UIAlertView+AFNetworking.h */ = {isa = PBXFileReference; fileEncoding = 4; lastKnownFileType = sourcecode.c.h; path = "UIAlertView+AFNetworking.h"; sourceTree = "<group>"; };
		433415A01B0917D000F09D5D /* UIAlertView+AFNetworking.m */ = {isa = PBXFileReference; fileEncoding = 4; lastKnownFileType = sourcecode.c.objc; path = "UIAlertView+AFNetworking.m"; sourceTree = "<group>"; };
		433415A11B0917D000F09D5D /* UIButton+AFNetworking.h */ = {isa = PBXFileReference; fileEncoding = 4; lastKnownFileType = sourcecode.c.h; path = "UIButton+AFNetworking.h"; sourceTree = "<group>"; };
		433415A21B0917D000F09D5D /* UIButton+AFNetworking.m */ = {isa = PBXFileReference; fileEncoding = 4; lastKnownFileType = sourcecode.c.objc; path = "UIButton+AFNetworking.m"; sourceTree = "<group>"; };
		433415A31B0917D000F09D5D /* UIImageView+AFNetworking.h */ = {isa = PBXFileReference; fileEncoding = 4; lastKnownFileType = sourcecode.c.h; path = "UIImageView+AFNetworking.h"; sourceTree = "<group>"; };
		433415A41B0917D000F09D5D /* UIImageView+AFNetworking.m */ = {isa = PBXFileReference; fileEncoding = 4; lastKnownFileType = sourcecode.c.objc; path = "UIImageView+AFNetworking.m"; sourceTree = "<group>"; };
		433415A51B0917D000F09D5D /* UIKit+AFNetworking.h */ = {isa = PBXFileReference; fileEncoding = 4; lastKnownFileType = sourcecode.c.h; path = "UIKit+AFNetworking.h"; sourceTree = "<group>"; };
		433415A61B0917D000F09D5D /* UIProgressView+AFNetworking.h */ = {isa = PBXFileReference; fileEncoding = 4; lastKnownFileType = sourcecode.c.h; path = "UIProgressView+AFNetworking.h"; sourceTree = "<group>"; };
		433415A71B0917D000F09D5D /* UIProgressView+AFNetworking.m */ = {isa = PBXFileReference; fileEncoding = 4; lastKnownFileType = sourcecode.c.objc; path = "UIProgressView+AFNetworking.m"; sourceTree = "<group>"; };
		433415A81B0917D000F09D5D /* UIRefreshControl+AFNetworking.h */ = {isa = PBXFileReference; fileEncoding = 4; lastKnownFileType = sourcecode.c.h; path = "UIRefreshControl+AFNetworking.h"; sourceTree = "<group>"; };
		433415A91B0917D000F09D5D /* UIRefreshControl+AFNetworking.m */ = {isa = PBXFileReference; fileEncoding = 4; lastKnownFileType = sourcecode.c.objc; path = "UIRefreshControl+AFNetworking.m"; sourceTree = "<group>"; };
		433415AA1B0917D000F09D5D /* UIWebView+AFNetworking.h */ = {isa = PBXFileReference; fileEncoding = 4; lastKnownFileType = sourcecode.c.h; path = "UIWebView+AFNetworking.h"; sourceTree = "<group>"; };
		433415AB1B0917D000F09D5D /* UIWebView+AFNetworking.m */ = {isa = PBXFileReference; fileEncoding = 4; lastKnownFileType = sourcecode.c.objc; path = "UIWebView+AFNetworking.m"; sourceTree = "<group>"; };
		433415BF1B09186C00F09D5D /* ServiceManger.h */ = {isa = PBXFileReference; fileEncoding = 4; lastKnownFileType = sourcecode.c.h; path = ServiceManger.h; sourceTree = "<group>"; };
		433415C01B09186C00F09D5D /* ServiceManger.m */ = {isa = PBXFileReference; fileEncoding = 4; lastKnownFileType = sourcecode.c.objc; path = ServiceManger.m; sourceTree = "<group>"; };
		433415C21B09190D00F09D5D /* ImageResult.h */ = {isa = PBXFileReference; fileEncoding = 4; lastKnownFileType = sourcecode.c.h; path = ImageResult.h; sourceTree = "<group>"; };
		433415C31B09190D00F09D5D /* ImageResult.m */ = {isa = PBXFileReference; fileEncoding = 4; lastKnownFileType = sourcecode.c.objc; path = ImageResult.m; sourceTree = "<group>"; };
		433415C51B091CA400F09D5D /* ImageSearchRequest.h */ = {isa = PBXFileReference; fileEncoding = 4; lastKnownFileType = sourcecode.c.h; path = ImageSearchRequest.h; sourceTree = "<group>"; };
		433415C61B091CA400F09D5D /* ImageSearchRequest.m */ = {isa = PBXFileReference; fileEncoding = 4; lastKnownFileType = sourcecode.c.objc; path = ImageSearchRequest.m; sourceTree = "<group>"; };
		433415C81B093AF800F09D5D /* UIImage+Project.h */ = {isa = PBXFileReference; fileEncoding = 4; lastKnownFileType = sourcecode.c.h; path = "UIImage+Project.h"; sourceTree = "<group>"; };
		433415C91B093AF800F09D5D /* UIImage+Project.m */ = {isa = PBXFileReference; fileEncoding = 4; lastKnownFileType = sourcecode.c.objc; path = "UIImage+Project.m"; sourceTree = "<group>"; };
/* End PBXFileReference section */

/* Begin PBXFrameworksBuildPhase section */
		4334154E1B09074100F09D5D /* Frameworks */ = {
			isa = PBXFrameworksBuildPhase;
			buildActionMask = 2147483647;
			files = (
			);
			runOnlyForDeploymentPostprocessing = 0;
		};
		433415671B09074100F09D5D /* Frameworks */ = {
			isa = PBXFrameworksBuildPhase;
			buildActionMask = 2147483647;
			files = (
			);
			runOnlyForDeploymentPostprocessing = 0;
		};
/* End PBXFrameworksBuildPhase section */

/* Begin PBXGroup section */
		433415481B09074100F09D5D = {
			isa = PBXGroup;
			children = (
				433415531B09074100F09D5D /* GoogleImageSearchTest */,
				4334156D1B09074100F09D5D /* GoogleImageSearchTestTests */,
				433415521B09074100F09D5D /* Products */,
			);
			sourceTree = "<group>";
		};
		433415521B09074100F09D5D /* Products */ = {
			isa = PBXGroup;
			children = (
				433415511B09074100F09D5D /* GoogleImageSearchTest.app */,
				4334156A1B09074100F09D5D /* GoogleImageSearchTestTests.xctest */,
			);
			name = Products;
			sourceTree = "<group>";
		};
		433415531B09074100F09D5D /* GoogleImageSearchTest */ = {
			isa = PBXGroup;
			children = (
				433415831B0917D000F09D5D /* AFNetworking */,
				433415581B09074100F09D5D /* AppDelegate.h */,
				433415591B09074100F09D5D /* AppDelegate.m */,
				4334155B1B09074100F09D5D /* ViewController.h */,
				4334155C1B09074100F09D5D /* ViewController.m */,
				4334155E1B09074100F09D5D /* Main.storyboard */,
				433415611B09074100F09D5D /* Images.xcassets */,
				433415631B09074100F09D5D /* LaunchScreen.xib */,
				433415541B09074100F09D5D /* Supporting Files */,
				433415BF1B09186C00F09D5D /* ServiceManger.h */,
				433415C01B09186C00F09D5D /* ServiceManger.m */,
				4334157D1B09108300F09D5D /* ImageResultCell.h */,
				4334157E1B09108300F09D5D /* ImageResultCell.m */,
				433415C21B09190D00F09D5D /* ImageResult.h */,
				433415C31B09190D00F09D5D /* ImageResult.m */,
				433415C51B091CA400F09D5D /* ImageSearchRequest.h */,
				433415C61B091CA400F09D5D /* ImageSearchRequest.m */,
				433415C81B093AF800F09D5D /* UIImage+Project.h */,
				433415C91B093AF800F09D5D /* UIImage+Project.m */,
			);
			path = GoogleImageSearchTest;
			sourceTree = "<group>";
		};
		433415541B09074100F09D5D /* Supporting Files */ = {
			isa = PBXGroup;
			children = (
				433415551B09074100F09D5D /* Info.plist */,
				433415561B09074100F09D5D /* main.m */,
			);
			name = "Supporting Files";
			sourceTree = "<group>";
		};
		4334156D1B09074100F09D5D /* GoogleImageSearchTestTests */ = {
			isa = PBXGroup;
			children = (
				433415701B09074100F09D5D /* GoogleImageSearchTestTests.m */,
				4334156E1B09074100F09D5D /* Supporting Files */,
			);
			path = GoogleImageSearchTestTests;
			sourceTree = "<group>";
		};
		4334156E1B09074100F09D5D /* Supporting Files */ = {
			isa = PBXGroup;
			children = (
				4334156F1B09074100F09D5D /* Info.plist */,
			);
			name = "Supporting Files";
			sourceTree = "<group>";
		};
		433415831B0917D000F09D5D /* AFNetworking */ = {
			isa = PBXGroup;
			children = (
				433415841B0917D000F09D5D /* AFNetworking */,
				4334159A1B0917D000F09D5D /* UIKit+AFNetworking */,
			);
			path = AFNetworking;
			sourceTree = "<group>";
		};
		433415841B0917D000F09D5D /* AFNetworking */ = {
			isa = PBXGroup;
			children = (
				433415851B0917D000F09D5D /* AFHTTPRequestOperation.h */,
				433415861B0917D000F09D5D /* AFHTTPRequestOperation.m */,
				433415871B0917D000F09D5D /* AFHTTPRequestOperationManager.h */,
				433415881B0917D000F09D5D /* AFHTTPRequestOperationManager.m */,
				433415891B0917D000F09D5D /* AFHTTPSessionManager.h */,
				4334158A1B0917D000F09D5D /* AFHTTPSessionManager.m */,
				4334158B1B0917D000F09D5D /* AFNetworking.h */,
				4334158C1B0917D000F09D5D /* AFNetworkReachabilityManager.h */,
				4334158D1B0917D000F09D5D /* AFNetworkReachabilityManager.m */,
				4334158E1B0917D000F09D5D /* AFSecurityPolicy.h */,
				4334158F1B0917D000F09D5D /* AFSecurityPolicy.m */,
				433415901B0917D000F09D5D /* AFURLConnectionOperation.h */,
				433415911B0917D000F09D5D /* AFURLConnectionOperation.m */,
				433415921B0917D000F09D5D /* AFURLRequestSerialization.h */,
				433415931B0917D000F09D5D /* AFURLRequestSerialization.m */,
				433415941B0917D000F09D5D /* AFURLResponseSerialization.h */,
				433415951B0917D000F09D5D /* AFURLResponseSerialization.m */,
				433415961B0917D000F09D5D /* AFURLSessionManager.h */,
				433415971B0917D000F09D5D /* AFURLSessionManager.m */,
			);
			path = AFNetworking;
			sourceTree = "<group>";
		};
		4334159A1B0917D000F09D5D /* UIKit+AFNetworking */ = {
			isa = PBXGroup;
			children = (
				4334159B1B0917D000F09D5D /* AFNetworkActivityIndicatorManager.h */,
				4334159C1B0917D000F09D5D /* AFNetworkActivityIndicatorManager.m */,
				4334159D1B0917D000F09D5D /* UIActivityIndicatorView+AFNetworking.h */,
				4334159E1B0917D000F09D5D /* UIActivityIndicatorView+AFNetworking.m */,
				4334159F1B0917D000F09D5D /* UIAlertView+AFNetworking.h */,
				433415A01B0917D000F09D5D /* UIAlertView+AFNetworking.m */,
				433415A11B0917D000F09D5D /* UIButton+AFNetworking.h */,
				433415A21B0917D000F09D5D /* UIButton+AFNetworking.m */,
				433415A31B0917D000F09D5D /* UIImageView+AFNetworking.h */,
				433415A41B0917D000F09D5D /* UIImageView+AFNetworking.m */,
				433415A51B0917D000F09D5D /* UIKit+AFNetworking.h */,
				433415A61B0917D000F09D5D /* UIProgressView+AFNetworking.h */,
				433415A71B0917D000F09D5D /* UIProgressView+AFNetworking.m */,
				433415A81B0917D000F09D5D /* UIRefreshControl+AFNetworking.h */,
				433415A91B0917D000F09D5D /* UIRefreshControl+AFNetworking.m */,
				433415AA1B0917D000F09D5D /* UIWebView+AFNetworking.h */,
				433415AB1B0917D000F09D5D /* UIWebView+AFNetworking.m */,
			);
			path = "UIKit+AFNetworking";
			sourceTree = "<group>";
		};
/* End PBXGroup section */

/* Begin PBXNativeTarget section */
		433415501B09074100F09D5D /* GoogleImageSearchTest */ = {
			isa = PBXNativeTarget;
			buildConfigurationList = 433415741B09074100F09D5D /* Build configuration list for PBXNativeTarget "GoogleImageSearchTest" */;
			buildPhases = (
				4334154D1B09074100F09D5D /* Sources */,
				4334154E1B09074100F09D5D /* Frameworks */,
				4334154F1B09074100F09D5D /* Resources */,
			);
			buildRules = (
			);
			dependencies = (
			);
			name = GoogleImageSearchTest;
			productName = GoogleImageSearchTest;
			productReference = 433415511B09074100F09D5D /* GoogleImageSearchTest.app */;
			productType = "com.apple.product-type.application";
		};
		433415691B09074100F09D5D /* GoogleImageSearchTestTests */ = {
			isa = PBXNativeTarget;
			buildConfigurationList = 433415771B09074100F09D5D /* Build configuration list for PBXNativeTarget "GoogleImageSearchTestTests" */;
			buildPhases = (
				433415661B09074100F09D5D /* Sources */,
				433415671B09074100F09D5D /* Frameworks */,
				433415681B09074100F09D5D /* Resources */,
			);
			buildRules = (
			);
			dependencies = (
				4334156C1B09074100F09D5D /* PBXTargetDependency */,
			);
			name = GoogleImageSearchTestTests;
			productName = GoogleImageSearchTestTests;
			productReference = 4334156A1B09074100F09D5D /* GoogleImageSearchTestTests.xctest */;
			productType = "com.apple.product-type.bundle.unit-test";
		};
/* End PBXNativeTarget section */

/* Begin PBXProject section */
		433415491B09074100F09D5D /* Project object */ = {
			isa = PBXProject;
			attributes = {
				LastUpgradeCheck = 0630;
				ORGANIZATIONNAME = weizhang;
				TargetAttributes = {
					433415501B09074100F09D5D = {
						CreatedOnToolsVersion = 6.3.1;
					};
					433415691B09074100F09D5D = {
						CreatedOnToolsVersion = 6.3.1;
						TestTargetID = 433415501B09074100F09D5D;
					};
				};
			};
			buildConfigurationList = 4334154C1B09074100F09D5D /* Build configuration list for PBXProject "GoogleImageSearchTest" */;
			compatibilityVersion = "Xcode 3.2";
			developmentRegion = English;
			hasScannedForEncodings = 0;
			knownRegions = (
				en,
				Base,
			);
			mainGroup = 433415481B09074100F09D5D;
			productRefGroup = 433415521B09074100F09D5D /* Products */;
			projectDirPath = "";
			projectRoot = "";
			targets = (
				433415501B09074100F09D5D /* GoogleImageSearchTest */,
				433415691B09074100F09D5D /* GoogleImageSearchTestTests */,
			);
		};
/* End PBXProject section */

/* Begin PBXResourcesBuildPhase section */
		4334154F1B09074100F09D5D /* Resources */ = {
			isa = PBXResourcesBuildPhase;
			buildActionMask = 2147483647;
			files = (
				433415601B09074100F09D5D /* Main.storyboard in Resources */,
				433415651B09074100F09D5D /* LaunchScreen.xib in Resources */,
				433415621B09074100F09D5D /* Images.xcassets in Resources */,
			);
			runOnlyForDeploymentPostprocessing = 0;
		};
		433415681B09074100F09D5D /* Resources */ = {
			isa = PBXResourcesBuildPhase;
			buildActionMask = 2147483647;
			files = (
			);
			runOnlyForDeploymentPostprocessing = 0;
		};
/* End PBXResourcesBuildPhase section */

/* Begin PBXSourcesBuildPhase section */
		4334154D1B09074100F09D5D /* Sources */ = {
			isa = PBXSourcesBuildPhase;
			buildActionMask = 2147483647;
			files = (
				433415B11B0917D000F09D5D /* AFURLConnectionOperation.m in Sources */,
				433415AC1B0917D000F09D5D /* AFHTTPRequestOperation.m in Sources */,
				433415AF1B0917D000F09D5D /* AFNetworkReachabilityManager.m in Sources */,
				433415B41B0917D000F09D5D /* AFURLSessionManager.m in Sources */,
				433415B71B0917D000F09D5D /* AFNetworkActivityIndicatorManager.m in Sources */,
				433415B21B0917D000F09D5D /* AFURLRequestSerialization.m in Sources */,
				4334155D1B09074100F09D5D /* ViewController.m in Sources */,
				433415C71B091CA400F09D5D /* ImageSearchRequest.m in Sources */,
				433415BC1B0917D000F09D5D /* UIProgressView+AFNetworking.m in Sources */,
				433415B31B0917D000F09D5D /* AFURLResponseSerialization.m in Sources */,
				4334155A1B09074100F09D5D /* AppDelegate.m in Sources */,
				433415C41B09190D00F09D5D /* ImageResult.m in Sources */,
				433415BA1B0917D000F09D5D /* UIButton+AFNetworking.m in Sources */,
				433415BB1B0917D000F09D5D /* UIImageView+AFNetworking.m in Sources */,
				433415C11B09186C00F09D5D /* ServiceManger.m in Sources */,
				433415AD1B0917D000F09D5D /* AFHTTPRequestOperationManager.m in Sources */,
				433415B01B0917D000F09D5D /* AFSecurityPolicy.m in Sources */,
				433415B91B0917D000F09D5D /* UIAlertView+AFNetworking.m in Sources */,
				433415CA1B093AF800F09D5D /* UIImage+Project.m in Sources */,
				433415BE1B0917D000F09D5D /* UIWebView+AFNetworking.m in Sources */,
				433415B81B0917D000F09D5D /* UIActivityIndicatorView+AFNetworking.m in Sources */,
				4334157F1B09108300F09D5D /* ImageResultCell.m in Sources */,
				433415BD1B0917D000F09D5D /* UIRefreshControl+AFNetworking.m in Sources */,
				433415571B09074100F09D5D /* main.m in Sources */,
				433415AE1B0917D000F09D5D /* AFHTTPSessionManager.m in Sources */,
			);
			runOnlyForDeploymentPostprocessing = 0;
		};
		433415661B09074100F09D5D /* Sources */ = {
			isa = PBXSourcesBuildPhase;
			buildActionMask = 2147483647;
			files = (
				433415711B09074100F09D5D /* GoogleImageSearchTestTests.m in Sources */,
			);
			runOnlyForDeploymentPostprocessing = 0;
		};
/* End PBXSourcesBuildPhase section */

/* Begin PBXTargetDependency section */
		4334156C1B09074100F09D5D /* PBXTargetDependency */ = {
			isa = PBXTargetDependency;
			target = 433415501B09074100F09D5D /* GoogleImageSearchTest */;
			targetProxy = 4334156B1B09074100F09D5D /* PBXContainerItemProxy */;
		};
/* End PBXTargetDependency section */

/* Begin PBXVariantGroup section */
		4334155E1B09074100F09D5D /* Main.storyboard */ = {
			isa = PBXVariantGroup;
			children = (
				4334155F1B09074100F09D5D /* Base */,
			);
			name = Main.storyboard;
			sourceTree = "<group>";
		};
		433415631B09074100F09D5D /* LaunchScreen.xib */ = {
			isa = PBXVariantGroup;
			children = (
				433415641B09074100F09D5D /* Base */,
			);
			name = LaunchScreen.xib;
			sourceTree = "<group>";
		};
/* End PBXVariantGroup section */

/* Begin XCBuildConfiguration section */
		433415721B09074100F09D5D /* Debug */ = {
			isa = XCBuildConfiguration;
			buildSettings = {
				ALWAYS_SEARCH_USER_PATHS = NO;
				CLANG_CXX_LANGUAGE_STANDARD = "gnu++0x";
				CLANG_CXX_LIBRARY = "libc++";
				CLANG_ENABLE_MODULES = YES;
				CLANG_ENABLE_OBJC_ARC = YES;
				CLANG_WARN_BOOL_CONVERSION = YES;
				CLANG_WARN_CONSTANT_CONVERSION = YES;
				CLANG_WARN_DIRECT_OBJC_ISA_USAGE = YES_ERROR;
				CLANG_WARN_EMPTY_BODY = YES;
				CLANG_WARN_ENUM_CONVERSION = YES;
				CLANG_WARN_INT_CONVERSION = YES;
				CLANG_WARN_OBJC_ROOT_CLASS = YES_ERROR;
				CLANG_WARN_UNREACHABLE_CODE = YES;
				CLANG_WARN__DUPLICATE_METHOD_MATCH = YES;
				"CODE_SIGN_IDENTITY[sdk=iphoneos*]" = "iPhone Developer";
				COPY_PHASE_STRIP = NO;
				DEBUG_INFORMATION_FORMAT = "dwarf-with-dsym";
				ENABLE_STRICT_OBJC_MSGSEND = YES;
				GCC_C_LANGUAGE_STANDARD = gnu99;
				GCC_DYNAMIC_NO_PIC = NO;
				GCC_NO_COMMON_BLOCKS = YES;
				GCC_OPTIMIZATION_LEVEL = 0;
				GCC_PREPROCESSOR_DEFINITIONS = (
					"DEBUG=1",
					"$(inherited)",
				);
				GCC_SYMBOLS_PRIVATE_EXTERN = NO;
				GCC_WARN_64_TO_32_BIT_CONVERSION = YES;
				GCC_WARN_ABOUT_RETURN_TYPE = YES_ERROR;
				GCC_WARN_UNDECLARED_SELECTOR = YES;
				GCC_WARN_UNINITIALIZED_AUTOS = YES_AGGRESSIVE;
				GCC_WARN_UNUSED_FUNCTION = YES;
				GCC_WARN_UNUSED_VARIABLE = YES;
				IPHONEOS_DEPLOYMENT_TARGET = 8.3;
				MTL_ENABLE_DEBUG_INFO = YES;
				ONLY_ACTIVE_ARCH = YES;
				SDKROOT = iphoneos;
			};
			name = Debug;
		};
		433415731B09074100F09D5D /* Release */ = {
			isa = XCBuildConfiguration;
			buildSettings = {
				ALWAYS_SEARCH_USER_PATHS = NO;
				CLANG_CXX_LANGUAGE_STANDARD = "gnu++0x";
				CLANG_CXX_LIBRARY = "libc++";
				CLANG_ENABLE_MODULES = YES;
				CLANG_ENABLE_OBJC_ARC = YES;
				CLANG_WARN_BOOL_CONVERSION = YES;
				CLANG_WARN_CONSTANT_CONVERSION = YES;
				CLANG_WARN_DIRECT_OBJC_ISA_USAGE = YES_ERROR;
				CLANG_WARN_EMPTY_BODY = YES;
				CLANG_WARN_ENUM_CONVERSION = YES;
				CLANG_WARN_INT_CONVERSION = YES;
				CLANG_WARN_OBJC_ROOT_CLASS = YES_ERROR;
				CLANG_WARN_UNREACHABLE_CODE = YES;
				CLANG_WARN__DUPLICATE_METHOD_MATCH = YES;
				"CODE_SIGN_IDENTITY[sdk=iphoneos*]" = "iPhone Developer";
				COPY_PHASE_STRIP = NO;
				DEBUG_INFORMATION_FORMAT = "dwarf-with-dsym";
				ENABLE_NS_ASSERTIONS = NO;
				ENABLE_STRICT_OBJC_MSGSEND = YES;
				GCC_C_LANGUAGE_STANDARD = gnu99;
				GCC_NO_COMMON_BLOCKS = YES;
				GCC_WARN_64_TO_32_BIT_CONVERSION = YES;
				GCC_WARN_ABOUT_RETURN_TYPE = YES_ERROR;
				GCC_WARN_UNDECLARED_SELECTOR = YES;
				GCC_WARN_UNINITIALIZED_AUTOS = YES_AGGRESSIVE;
				GCC_WARN_UNUSED_FUNCTION = YES;
				GCC_WARN_UNUSED_VARIABLE = YES;
				IPHONEOS_DEPLOYMENT_TARGET = 8.3;
				MTL_ENABLE_DEBUG_INFO = NO;
				SDKROOT = iphoneos;
				VALIDATE_PRODUCT = YES;
			};
			name = Release;
		};
		433415751B09074100F09D5D /* Debug */ = {
			isa = XCBuildConfiguration;
			buildSettings = {
				ASSETCATALOG_COMPILER_APPICON_NAME = AppIcon;
				CODE_SIGN_IDENTITY = "iPhone Developer";
				INFOPLIST_FILE = GoogleImageSearchTest/Info.plist;
				LD_RUNPATH_SEARCH_PATHS = "$(inherited) @executable_path/Frameworks";
				PRODUCT_NAME = "$(TARGET_NAME)";
			};
			name = Debug;
		};
		433415761B09074100F09D5D /* Release */ = {
			isa = XCBuildConfiguration;
			buildSettings = {
				ASSETCATALOG_COMPILER_APPICON_NAME = AppIcon;
				CODE_SIGN_IDENTITY = "iPhone Developer";
				INFOPLIST_FILE = GoogleImageSearchTest/Info.plist;
				LD_RUNPATH_SEARCH_PATHS = "$(inherited) @executable_path/Frameworks";
				PRODUCT_NAME = "$(TARGET_NAME)";
			};
			name = Release;
		};
		433415781B09074100F09D5D /* Debug */ = {
			isa = XCBuildConfiguration;
			buildSettings = {
				BUNDLE_LOADER = "$(TEST_HOST)";
				FRAMEWORK_SEARCH_PATHS = (
					"$(SDKROOT)/Developer/Library/Frameworks",
					"$(inherited)",
				);
				GCC_PREPROCESSOR_DEFINITIONS = (
					"DEBUG=1",
					"$(inherited)",
				);
				INFOPLIST_FILE = GoogleImageSearchTestTests/Info.plist;
				LD_RUNPATH_SEARCH_PATHS = "$(inherited) @executable_path/Frameworks @loader_path/Frameworks";
				PRODUCT_NAME = "$(TARGET_NAME)";
				TEST_HOST = "$(BUILT_PRODUCTS_DIR)/GoogleImageSearchTest.app/GoogleImageSearchTest";
			};
			name = Debug;
		};
		433415791B09074100F09D5D /* Release */ = {
			isa = XCBuildConfiguration;
			buildSettings = {
				BUNDLE_LOADER = "$(TEST_HOST)";
				FRAMEWORK_SEARCH_PATHS = (
					"$(SDKROOT)/Developer/Library/Frameworks",
					"$(inherited)",
				);
				INFOPLIST_FILE = GoogleImageSearchTestTests/Info.plist;
				LD_RUNPATH_SEARCH_PATHS = "$(inherited) @executable_path/Frameworks @loader_path/Frameworks";
				PRODUCT_NAME = "$(TARGET_NAME)";
				TEST_HOST = "$(BUILT_PRODUCTS_DIR)/GoogleImageSearchTest.app/GoogleImageSearchTest";
			};
			name = Release;
		};
/* End XCBuildConfiguration section */

/* Begin XCConfigurationList section */
		4334154C1B09074100F09D5D /* Build configuration list for PBXProject "GoogleImageSearchTest" */ = {
			isa = XCConfigurationList;
			buildConfigurations = (
				433415721B09074100F09D5D /* Debug */,
				433415731B09074100F09D5D /* Release */,
			);
			defaultConfigurationIsVisible = 0;
			defaultConfigurationName = Release;
		};
		433415741B09074100F09D5D /* Build configuration list for PBXNativeTarget "GoogleImageSearchTest" */ = {
			isa = XCConfigurationList;
			buildConfigurations = (
				433415751B09074100F09D5D /* Debug */,
				433415761B09074100F09D5D /* Release */,
			);
			defaultConfigurationIsVisible = 0;
		};
		433415771B09074100F09D5D /* Build configuration list for PBXNativeTarget "GoogleImageSearchTestTests" */ = {
			isa = XCConfigurationList;
			buildConfigurations = (
				433415781B09074100F09D5D /* Debug */,
				433415791B09074100F09D5D /* Release */,
			);
			defaultConfigurationIsVisible = 0;
		};
/* End XCConfigurationList section */
	};
	rootObject = 433415491B09074100F09D5D /* Project object */;
}
